
Microsoft Visual Studio Solution File, Format Version 12.00
# Visual Studio Version 17
VisualStudioVersion = 17.5.33627.172
MinimumVisualStudioVersion = 10.0.40219.1
Project("{9A19103F-16F7-4668-BE54-9A1E7A4F7556}") = "AIO", "AIO\AIO.csproj", "{FF80E9DE-A3C1-4337-A6DE-8423B0BA2557}"
EndProject
Project("{9A19103F-16F7-4668-BE54-9A1E7A4F7556}") = "AIOCommon", "AIOCommon\AIOCommon.csproj", "{529EE946-1861-42FE-A089-A7D7B272AA44}"
EndProject
Project("{2150E333-8FDC-42A3-9474-1A3956D46DE8}") = "Web", "Web", "{CC328323-090E-4BB6-A7B6-06450DEBA49B}"
EndProject
Project("{2150E333-8FDC-42A3-9474-1A3956D46DE8}") = "Data", "Data", "{FE88DF92-02D9-4998-9D7B-C39D98495620}"
EndProject
Project("{9A19103F-16F7-4668-BE54-9A1E7A4F7556}") = "AIO.Data", "AIOData\AIO.Data.csproj", "{F3794B2B-2743-4BEC-9DDD-C521F3B0F330}"
EndProject
Project("{9A19103F-16F7-4668-BE54-9A1E7A4F7556}") = "AIO.Data.Models", "AIO.Data.Models\AIO.Data.Models.csproj", "{87835EE7-DBD8-4F4C-962B-E1EC56ECB79B}"
EndProject
Project("{9A19103F-16F7-4668-BE54-9A1E7A4F7556}") = "AIO.Web.ViewModels", "AIO.Web.ViewModels\AIO.Web.ViewModels.csproj", "{0E1A6FCA-7A84-405A-AB8D-A13FFB26FE0C}"
EndProject
Project("{2150E333-8FDC-42A3-9474-1A3956D46DE8}") = "Services", "Services", "{B91E6C65-3CEF-4222-AC67-626398BC36E7}"
EndProject
Project("{9A19103F-16F7-4668-BE54-9A1E7A4F7556}") = "AIO.Services.Data", "AIO.Services.Data\AIO.Services.Data.csproj", "{59F51C6B-F3B4-4FAC-A09E-B6019B9DB00A}"
EndProject
Project("{9A19103F-16F7-4668-BE54-9A1E7A4F7556}") = "AIO.Web.Infrastructure", "AIO.Web.Infrastructure\AIO.Web.Infrastructure.csproj", "{F3C2C7E4-A3FC-44CA-AD2C-2AADD583C97B}"
EndProject
Global
	GlobalSection(SolutionConfigurationPlatforms) = preSolution
		Debug|Any CPU = Debug|Any CPU
		Release|Any CPU = Release|Any CPU
	EndGlobalSection
	GlobalSection(ProjectConfigurationPlatforms) = postSolution
		{FF80E9DE-A3C1-4337-A6DE-8423B0BA2557}.Debug|Any CPU.ActiveCfg = Debug|Any CPU
		{FF80E9DE-A3C1-4337-A6DE-8423B0BA2557}.Debug|Any CPU.Build.0 = Debug|Any CPU
		{FF80E9DE-A3C1-4337-A6DE-8423B0BA2557}.Release|Any CPU.ActiveCfg = Release|Any CPU
		{FF80E9DE-A3C1-4337-A6DE-8423B0BA2557}.Release|Any CPU.Build.0 = Release|Any CPU
		{529EE946-1861-42FE-A089-A7D7B272AA44}.Debug|Any CPU.ActiveCfg = Debug|Any CPU
		{529EE946-1861-42FE-A089-A7D7B272AA44}.Debug|Any CPU.Build.0 = Debug|Any CPU
		{529EE946-1861-42FE-A089-A7D7B272AA44}.Release|Any CPU.ActiveCfg = Release|Any CPU
		{529EE946-1861-42FE-A089-A7D7B272AA44}.Release|Any CPU.Build.0 = Release|Any CPU
		{F3794B2B-2743-4BEC-9DDD-C521F3B0F330}.Debug|Any CPU.ActiveCfg = Debug|Any CPU
		{F3794B2B-2743-4BEC-9DDD-C521F3B0F330}.Debug|Any CPU.Build.0 = Debug|Any CPU
		{F3794B2B-2743-4BEC-9DDD-C521F3B0F330}.Release|Any CPU.ActiveCfg = Release|Any CPU
		{F3794B2B-2743-4BEC-9DDD-C521F3B0F330}.Release|Any CPU.Build.0 = Release|Any CPU
		{87835EE7-DBD8-4F4C-962B-E1EC56ECB79B}.Debug|Any CPU.ActiveCfg = Debug|Any CPU
		{87835EE7-DBD8-4F4C-962B-E1EC56ECB79B}.Debug|Any CPU.Build.0 = Debug|Any CPU
		{87835EE7-DBD8-4F4C-962B-E1EC56ECB79B}.Release|Any CPU.ActiveCfg = Release|Any CPU
		{87835EE7-DBD8-4F4C-962B-E1EC56ECB79B}.Release|Any CPU.Build.0 = Release|Any CPU
		{0E1A6FCA-7A84-405A-AB8D-A13FFB26FE0C}.Debug|Any CPU.ActiveCfg = Debug|Any CPU
		{0E1A6FCA-7A84-405A-AB8D-A13FFB26FE0C}.Debug|Any CPU.Build.0 = Debug|Any CPU
		{0E1A6FCA-7A84-405A-AB8D-A13FFB26FE0C}.Release|Any CPU.ActiveCfg = Release|Any CPU
		{0E1A6FCA-7A84-405A-AB8D-A13FFB26FE0C}.Release|Any CPU.Build.0 = Release|Any CPU
		{59F51C6B-F3B4-4FAC-A09E-B6019B9DB00A}.Debug|Any CPU.ActiveCfg = Debug|Any CPU
		{59F51C6B-F3B4-4FAC-A09E-B6019B9DB00A}.Debug|Any CPU.Build.0 = Debug|Any CPU
		{59F51C6B-F3B4-4FAC-A09E-B6019B9DB00A}.Release|Any CPU.ActiveCfg = Release|Any CPU
		{59F51C6B-F3B4-4FAC-A09E-B6019B9DB00A}.Release|Any CPU.Build.0 = Release|Any CPU
		{F3C2C7E4-A3FC-44CA-AD2C-2AADD583C97B}.Debug|Any CPU.ActiveCfg = Debug|Any CPU
		{F3C2C7E4-A3FC-44CA-AD2C-2AADD583C97B}.Debug|Any CPU.Build.0 = Debug|Any CPU
		{F3C2C7E4-A3FC-44CA-AD2C-2AADD583C97B}.Release|Any CPU.ActiveCfg = Release|Any CPU
		{F3C2C7E4-A3FC-44CA-AD2C-2AADD583C97B}.Release|Any CPU.Build.0 = Release|Any CPU
	EndGlobalSection
	GlobalSection(SolutionProperties) = preSolution
		HideSolutionNode = FALSE
	EndGlobalSection
	GlobalSection(NestedProjects) = preSolution
		{FF80E9DE-A3C1-4337-A6DE-8423B0BA2557} = {CC328323-090E-4BB6-A7B6-06450DEBA49B}
		{F3794B2B-2743-4BEC-9DDD-C521F3B0F330} = {FE88DF92-02D9-4998-9D7B-C39D98495620}
		{87835EE7-DBD8-4F4C-962B-E1EC56ECB79B} = {FE88DF92-02D9-4998-9D7B-C39D98495620}
		{0E1A6FCA-7A84-405A-AB8D-A13FFB26FE0C} = {CC328323-090E-4BB6-A7B6-06450DEBA49B}
		{59F51C6B-F3B4-4FAC-A09E-B6019B9DB00A} = {B91E6C65-3CEF-4222-AC67-626398BC36E7}
		{F3C2C7E4-A3FC-44CA-AD2C-2AADD583C97B} = {CC328323-090E-4BB6-A7B6-06450DEBA49B}
	EndGlobalSection
	GlobalSection(ExtensibilityGlobals) = postSolution
		SolutionGuid = {CE9ED25E-F332-418D-8D16-F292CD94E4F7}
	EndGlobalSection
EndGlobal
